github.com/mitchellh/mapstructure v1.5.0 h1:jeMsZIYE/09sWLaz43PL7Gy6RuMjD2eJVyuac5Z2hdY=
github.com/mitchellh/mapstructure v1.5.0/go.mod h1:bFUtVrKA4DC2yAKiSyO/QUcy7e+RRV2QTWOzhPopBRo=
github.com/ohler55/ojg v1.20.3 h1:Z+fnElsA/GbI5oiT726qJaG4Ca9q5l7UO68Qd0PtkD4=
github.com/ohler55/ojg v1.20.3/go.mod h1:uHcD1ErbErC27Zhb5Df2jUjbseLLcmOCo6oxSr3jZxo=
